{
  "version": 4,
  "terraform_version": "1.3.8",
  "serial": 6,
  "lineage": "c387ac3d-bcbf-2192-9335-9a70099c279a",
  "outputs": {},
  "resources": [
    {
      "mode": "data",
      "type": "archive_file",
      "name": "source",
      "provider": "provider[\"registry.terraform.io/hashicorp/archive\"]",
      "instances": [
        {
          "schema_version": 0,
          "attributes": {
            "excludes": null,
            "id": "5c37178971a5cff2f3a5264e802c9ff9a4bef08e",
            "output_base64sha256": "nklA6gZrw4ATsBt0XF3faKE337Q8MFM3xj4EVlxUe58=",
            "output_file_mode": null,
            "output_md5": "8f8f905ce0c1b126992e6e26ad705532",
            "output_path": "/tmp/function.zip",
            "output_sha": "5c37178971a5cff2f3a5264e802c9ff9a4bef08e",
            "output_size": 439,
            "source": [],
            "source_content": null,
            "source_content_filename": null,
            "source_dir": "/Users/gluraschi/projects/rlgino/go-terraform-gcp/handlers",
            "source_file": null,
            "type": "zip"
          },
          "sensitive_attributes": []
        }
      ]
    },
    {
      "mode": "managed",
      "type": "google_cloudfunctions_function",
      "name": "function",
      "provider": "provider[\"registry.terraform.io/hashicorp/google\"]",
      "instances": [
        {
          "schema_version": 0,
          "attributes": {
            "available_memory_mb": 128,
            "build_environment_variables": null,
            "build_worker_pool": "",
            "description": "",
            "docker_registry": "CONTAINER_REGISTRY",
            "docker_repository": "",
            "entry_point": "HelloHTTP",
            "environment_variables": null,
            "event_trigger": [],
            "https_trigger_security_level": "SECURE_OPTIONAL",
            "https_trigger_url": "https://us-central1-pruebas-go.cloudfunctions.net/go-gcp-cloud-function",
            "id": "projects/pruebas-go/locations/us-central1/functions/go-gcp-cloud-function",
            "ingress_settings": "ALLOW_ALL",
            "kms_key_name": "",
            "labels": null,
            "max_instances": 0,
            "min_instances": 0,
            "name": "go-gcp-cloud-function",
            "project": "pruebas-go",
            "region": "us-central1",
            "runtime": "go116",
            "secret_environment_variables": [],
            "secret_volumes": [],
            "service_account_email": "function-sa@pruebas-go.iam.gserviceaccount.com",
            "source_archive_bucket": "pruebas-go-go-gcp-cloud-function",
            "source_archive_object": "8f8f905ce0c1b126992e6e26ad705532.zip",
            "source_repository": [],
            "timeout": 20,
            "timeouts": null,
            "trigger_http": true,
            "vpc_connector": "",
            "vpc_connector_egress_settings": ""
          },
          "sensitive_attributes": [],
          "private": "eyJlMmJmYjczMC1lY2FhLTExZTYtOGY4OC0zNDM2M2JjN2M0YzAiOnsiY3JlYXRlIjozMDAwMDAwMDAwMDAsImRlbGV0ZSI6MzAwMDAwMDAwMDAwLCJyZWFkIjozMDAwMDAwMDAwMDAsInVwZGF0ZSI6MzAwMDAwMDAwMDAwfX0=",
          "dependencies": [
            "data.archive_file.source",
            "google_service_account.function-sa",
            "google_storage_bucket.bucket"
          ]
        }
      ]
    },
    {
      "mode": "managed",
      "type": "google_cloudfunctions_function_iam_member",
      "name": "invoker",
      "provider": "provider[\"registry.terraform.io/hashicorp/google\"]",
      "instances": [
        {
          "schema_version": 0,
          "attributes": {
            "cloud_function": "projects/pruebas-go/locations/us-central1/functions/go-gcp-cloud-function",
            "condition": [],
            "etag": "BwX1U1xGCWU=",
            "id": "projects/pruebas-go/locations/us-central1/functions/go-gcp-cloud-function/roles/cloudfunctions.invoker/allUsers",
            "member": "allUsers",
            "project": "pruebas-go",
            "region": "us-central1",
            "role": "roles/cloudfunctions.invoker"
          },
          "sensitive_attributes": [],
          "private": "bnVsbA==",
          "dependencies": [
            "data.archive_file.source",
            "google_cloudfunctions_function.function",
            "google_service_account.function-sa",
            "google_storage_bucket.bucket"
          ]
        }
      ]
    },
    {
      "mode": "managed",
      "type": "google_service_account",
      "name": "function-sa",
      "provider": "provider[\"registry.terraform.io/hashicorp/google\"]",
      "instances": [
        {
          "schema_version": 0,
          "attributes": {
            "account_id": "function-sa",
            "description": "Controls the workflow for the cloud pipeline",
            "disabled": false,
            "display_name": "function-sa",
            "email": "function-sa@pruebas-go.iam.gserviceaccount.com",
            "id": "projects/pruebas-go/serviceAccounts/function-sa@pruebas-go.iam.gserviceaccount.com",
            "member": "serviceAccount:function-sa@pruebas-go.iam.gserviceaccount.com",
            "name": "projects/pruebas-go/serviceAccounts/function-sa@pruebas-go.iam.gserviceaccount.com",
            "project": "pruebas-go",
            "timeouts": null,
            "unique_id": "116669607996067955635"
          },
          "sensitive_attributes": [],
          "private": "eyJlMmJmYjczMC1lY2FhLTExZTYtOGY4OC0zNDM2M2JjN2M0YzAiOnsiY3JlYXRlIjozMDAwMDAwMDAwMDB9fQ=="
        }
      ]
    },
    {
      "mode": "managed",
      "type": "google_storage_bucket",
      "name": "bucket",
      "provider": "provider[\"registry.terraform.io/hashicorp/google\"]",
      "instances": [
        {
          "schema_version": 0,
          "attributes": {
            "autoclass": [],
            "cors": [],
            "custom_placement_config": [],
            "default_event_based_hold": false,
            "encryption": [],
            "force_destroy": false,
            "id": "pruebas-go-go-gcp-cloud-function",
            "labels": null,
            "lifecycle_rule": [],
            "location": "US-CENTRAL1",
            "logging": [],
            "name": "pruebas-go-go-gcp-cloud-function",
            "project": "pruebas-go",
            "public_access_prevention": "inherited",
            "requester_pays": false,
            "retention_policy": [],
            "self_link": "https://www.googleapis.com/storage/v1/b/pruebas-go-go-gcp-cloud-function",
            "storage_class": "STANDARD",
            "timeouts": null,
            "uniform_bucket_level_access": false,
            "url": "gs://pruebas-go-go-gcp-cloud-function",
            "versioning": [],
            "website": []
          },
          "sensitive_attributes": [],
          "private": "eyJlMmJmYjczMC1lY2FhLTExZTYtOGY4OC0zNDM2M2JjN2M0YzAiOnsiY3JlYXRlIjoyNDAwMDAwMDAwMDAsInJlYWQiOjI0MDAwMDAwMDAwMCwidXBkYXRlIjoyNDAwMDAwMDAwMDB9fQ=="
        }
      ]
    },
    {
      "mode": "managed",
      "type": "google_storage_bucket_object",
      "name": "zip",
      "provider": "provider[\"registry.terraform.io/hashicorp/google\"]",
      "instances": [
        {
          "schema_version": 0,
          "attributes": {
            "bucket": "pruebas-go-go-gcp-cloud-function",
            "cache_control": "",
            "content": null,
            "content_disposition": "",
            "content_encoding": "",
            "content_language": "",
            "content_type": "application/zip",
            "crc32c": "RSloIg==",
            "customer_encryption": [],
            "detect_md5hash": "j4+QXODBsSaZLm4mrXBVMg==",
            "event_based_hold": false,
            "id": "pruebas-go-go-gcp-cloud-function-8f8f905ce0c1b126992e6e26ad705532.zip",
            "kms_key_name": "",
            "md5hash": "j4+QXODBsSaZLm4mrXBVMg==",
            "media_link": "https://storage.googleapis.com/download/storage/v1/b/pruebas-go-go-gcp-cloud-function/o/8f8f905ce0c1b126992e6e26ad705532.zip?generation=1677113165536081\u0026alt=media",
            "metadata": null,
            "name": "8f8f905ce0c1b126992e6e26ad705532.zip",
            "output_name": "8f8f905ce0c1b126992e6e26ad705532.zip",
            "self_link": "https://www.googleapis.com/storage/v1/b/pruebas-go-go-gcp-cloud-function/o/8f8f905ce0c1b126992e6e26ad705532.zip",
            "source": "/tmp/function.zip",
            "storage_class": "STANDARD",
            "temporary_hold": false,
            "timeouts": null
          },
          "sensitive_attributes": [],
          "private": "eyJlMmJmYjczMC1lY2FhLTExZTYtOGY4OC0zNDM2M2JjN2M0YzAiOnsiY3JlYXRlIjoyNDAwMDAwMDAwMDAsImRlbGV0ZSI6MjQwMDAwMDAwMDAwLCJ1cGRhdGUiOjI0MDAwMDAwMDAwMH19",
          "dependencies": [
            "data.archive_file.source",
            "google_storage_bucket.bucket"
          ]
        }
      ]
    }
  ],
  "check_results": null
}
